// !$*UTF8*$!
{
	archiveVersion = 1;
	classes = {
	};
	objectVersion = 77;
	objects = {

/* Begin PBXBuildFile section */
		1E426DAC2F369BD3003F7FAB /* KeyboardShortcuts in Frameworks */ = {isa = PBXBuildFile; productRef = 1E426DAB2F369BD3003F7FAB /* KeyboardShortcuts */; };
		1E426DAF2F369BEF003F7FAB /* LaunchAtLogin in Frameworks */ = {isa = PBXBuildFile; productRef = 1E426DAE2F369BEF003F7FAB /* LaunchAtLogin */; };
/* End PBXBuildFile section */

/* Begin PBXContainerItemProxy section */
		1EC2DA6D2F33CC2F00CE8BD3 /* PBXContainerItemProxy */ = {
			isa = PBXContainerItemProxy;
			containerPortal = 1EC2DA562F33CC2D00CE8BD3 /* Project object */;
			proxyType = 1;
			remoteGlobalIDString = 1EC2DA5D2F33CC2D00CE8BD3;
			remoteInfo = NumworksApplication;
		};
		1EC2DA772F33CC2F00CE8BD3 /* PBXContainerItemProxy */ = {
			isa = PBXContainerItemProxy;
			containerPortal = 1EC2DA562F33CC2D00CE8BD3 /* Project object */;
			proxyType = 1;
			remoteGlobalIDString = 1EC2DA5D2F33CC2D00CE8BD3;
			remoteInfo = NumworksApplication;
		};
/* End PBXContainerItemProxy section */

/* Begin PBXFileReference section */
		1E426DB02F36BAF3003F7FAB /* NumworksApplication-Info.plist */ = {isa = PBXFileReference; lastKnownFileType = text.plist; path = "NumworksApplication-Info.plist"; sourceTree = "<group>"; };
		1EC2DA5E2F33CC2D00CE8BD3 /* NumworksApplication.app */ = {isa = PBXFileReference; explicitFileType = wrapper.application; includeInIndex = 0; path = NumworksApplication.app; sourceTree = BUILT_PRODUCTS_DIR; };
		1EC2DA6C2F33CC2F00CE8BD3 /* NumworksApplicationTests.xctest */ = {isa = PBXFileReference; explicitFileType = wrapper.cfbundle; includeInIndex = 0; path = NumworksApplicationTests.xctest; sourceTree = BUILT_PRODUCTS_DIR; };
		1EC2DA762F33CC2F00CE8BD3 /* NumworksApplicationUITests.xctest */ = {isa = PBXFileReference; explicitFileType = wrapper.cfbundle; includeInIndex = 0; path = NumworksApplicationUITests.xctest; sourceTree = BUILT_PRODUCTS_DIR; };
/* End PBXFileReference section */

/* Begin PBXFileSystemSynchronizedBuildFileExceptionSet section */
		1EC2DB2C2F33CD6E00CE8BD3 /* Exceptions for "NumWorksMac" folder in "NumworksApplication" target */ = {
			isa = PBXFileSystemSynchronizedBuildFileExceptionSet;
			membershipExceptions = (
				App/AppController.swift,
				App/AppLifecycle.swift,
				App/NumWorksMacApp.swift,
				Core/AppMover/AppMover.swift,
				Core/AppMover/Extensions.swift,
				Core/MenuBar/MenuBarActions.swift,
				Core/MenuBar/MenuBarController.swift,
				Core/OnLaunch.swift,
				Core/Preferences.swift,
				Core/Simulator/EpsilonVersions.swift,
				Core/Simulator/SimulatorPaths.swift,
				Core/Simulator/SimulatorRuntime.swift,
				Core/Simulator/WebInjection.swift,
				Core/Updaters/AppUpdateChecker.swift,
				Core/Updaters/AppUpdater.swift,
				Core/Updaters/EpsilonUpdateChecker.swift,
				Core/Updaters/SimulatorUpdater.swift,
				Core/WindowManagement.swift,
				README_STRUCTURE.txt,
				Resources/Assets.xcassets,
				"Resources/DefaultSimulator/numworks-simulator.html",
				UI/Calculator/CalculatorView.swift,
				UI/Calculator/CalculatorWebView.swift,
				UI/Calculator/CalculatorWindow.swift,
				UI/MenuBar/MenuBarPopoverView.swift,
				UI/RootView.swift,
				UI/Settings/SettingsView.swift,
				UI/Updates/AppUpdateView.swift,
				UI/Updates/SimulatorUpdateView.swift,
				UI/Updates/UpdateCenterView.swift,
			);
			target = 1EC2DA5D2F33CC2D00CE8BD3 /* NumworksApplication */;
		};
		1EC2DB2D2F33CD6E00CE8BD3 /* Exceptions for "NumWorksMac" folder in "NumworksApplicationUITests" target */ = {
			isa = PBXFileSystemSynchronizedBuildFileExceptionSet;
			membershipExceptions = (
				App/AppController.swift,
				App/AppLifecycle.swift,
				App/NumWorksMacApp.swift,
				Core/MenuBar/MenuBarActions.swift,
				Core/MenuBar/MenuBarController.swift,
				Core/OnLaunch.swift,
				Core/Preferences.swift,
				Core/Simulator/EpsilonVersions.swift,
				Core/Simulator/SimulatorPaths.swift,
				Core/Simulator/SimulatorRuntime.swift,
				Core/Simulator/WebInjection.swift,
				Core/Updaters/AppUpdateChecker.swift,
				Core/Updaters/AppUpdater.swift,
				Core/Updaters/EpsilonUpdateChecker.swift,
				Core/Updaters/SimulatorUpdater.swift,
				Core/WindowManagement.swift,
				README_STRUCTURE.txt,
				Resources/Assets.xcassets,
				"Resources/DefaultSimulator/numworks-simulator.html",
				UI/Calculator/CalculatorView.swift,
				UI/Calculator/CalculatorWebView.swift,
				UI/Calculator/CalculatorWindow.swift,
				UI/MenuBar/MenuBarPopoverView.swift,
				UI/RootView.swift,
				UI/Settings/SettingsView.swift,
				UI/Updates/AppUpdateView.swift,
				UI/Updates/SimulatorUpdateView.swift,
				UI/Updates/UpdateCenterView.swift,
			);
			target = 1EC2DA752F33CC2F00CE8BD3 /* NumworksApplicationUITests */;
		};
/* End PBXFileSystemSynchronizedBuildFileExceptionSet section */

/* Begin PBXFileSystemSynchronizedRootGroup section */
		1EC2DA6F2F33CC2F00CE8BD3 /* NumworksApplicationTests */ = {
			isa = PBXFileSystemSynchronizedRootGroup;
			path = NumworksApplicationTests;
			sourceTree = "<group>";
		};
		1EC2DA792F33CC2F00CE8BD3 /* NumworksApplicationUITests */ = {
			isa = PBXFileSystemSynchronizedRootGroup;
			path = NumworksApplicationUITests;
			sourceTree = "<group>";
		};
		1EC2DB132F33CD6E00CE8BD3 /* NumWorksMac */ = {
			isa = PBXFileSystemSynchronizedRootGroup;
			exceptions = (
				1EC2DB2C2F33CD6E00CE8BD3 /* Exceptions for "NumWorksMac" folder in "NumworksApplication" target */,
				1EC2DB2D2F33CD6E00CE8BD3 /* Exceptions for "NumWorksMac" folder in "NumworksApplicationUITests" target */,
			);
			path = NumWorksMac;
			sourceTree = "<group>";
		};
/* End PBXFileSystemSynchronizedRootGroup section */

/* Begin PBXFrameworksBuildPhase section */
		1EC2DA5B2F33CC2D00CE8BD3 /* Frameworks */ = {
			isa = PBXFrameworksBuildPhase;
			buildActionMask = 2147483647;
			files = (
				1E426DAF2F369BEF003F7FAB /* LaunchAtLogin in Frameworks */,
				1E426DAC2F369BD3003F7FAB /* KeyboardShortcuts in Frameworks */,
			);
			runOnlyForDeploymentPostprocessing = 0;
		};
		1EC2DA692F33CC2F00CE8BD3 /* Frameworks */ = {
			isa = PBXFrameworksBuildPhase;
			buildActionMask = 2147483647;
			files = (
			);
			runOnlyForDeploymentPostprocessing = 0;
		};
		1EC2DA732F33CC2F00CE8BD3 /* Frameworks */ = {
			isa = PBXFrameworksBuildPhase;
			buildActionMask = 2147483647;
			files = (
			);
			runOnlyForDeploymentPostprocessing = 0;
		};
/* End PBXFrameworksBuildPhase section */

/* Begin PBXGroup section */
		1EC2DA552F33CC2D00CE8BD3 = {
			isa = PBXGroup;
			children = (
				1E426DB02F36BAF3003F7FAB /* NumworksApplication-Info.plist */,
				1EC2DB132F33CD6E00CE8BD3 /* NumWorksMac */,
				1EC2DA6F2F33CC2F00CE8BD3 /* NumworksApplicationTests */,
				1EC2DA792F33CC2F00CE8BD3 /* NumworksApplicationUITests */,
				1EC2DA5F2F33CC2D00CE8BD3 /* Products */,
			);
			sourceTree = "<group>";
		};
		1EC2DA5F2F33CC2D00CE8BD3 /* Products */ = {
			isa = PBXGroup;
			children = (
				1EC2DA5E2F33CC2D00CE8BD3 /* NumworksApplication.app */,
				1EC2DA6C2F33CC2F00CE8BD3 /* NumworksApplicationTests.xctest */,
				1EC2DA762F33CC2F00CE8BD3 /* NumworksApplicationUITests.xctest */,
			);
			name = Products;
			sourceTree = "<group>";
		};
/* End PBXGroup section */

/* Begin PBXNativeTarget section */
		1EC2DA5D2F33CC2D00CE8BD3 /* NumworksApplication */ = {
			isa = PBXNativeTarget;
			buildConfigurationList = 1EC2DA802F33CC2F00CE8BD3 /* Build configuration list for PBXNativeTarget "NumworksApplication" */;
			buildPhases = (
				1EC2DA5A2F33CC2D00CE8BD3 /* Sources */,
				1EC2DA5B2F33CC2D00CE8BD3 /* Frameworks */,
				1EC2DA5C2F33CC2D00CE8BD3 /* Resources */,
			);
			buildRules = (
			);
			dependencies = (
			);
			name = NumworksApplication;
			packageProductDependencies = (
				1E426DAB2F369BD3003F7FAB /* KeyboardShortcuts */,
				1E426DAE2F369BEF003F7FAB /* LaunchAtLogin */,
			);
			productName = NumworksApplication;
			productReference = 1EC2DA5E2F33CC2D00CE8BD3 /* NumworksApplication.app */;
			productType = "com.apple.product-type.application";
		};
		1EC2DA6B2F33CC2F00CE8BD3 /* NumworksApplicationTests */ = {
			isa = PBXNativeTarget;
			buildConfigurationList = 1EC2DA832F33CC2F00CE8BD3 /* Build configuration list for PBXNativeTarget "NumworksApplicationTests" */;
			buildPhases = (
				1EC2DA682F33CC2F00CE8BD3 /* Sources */,
				1EC2DA692F33CC2F00CE8BD3 /* Frameworks */,
				1EC2DA6A2F33CC2F00CE8BD3 /* Resources */,
			);
			buildRules = (
			);
			dependencies = (
				1EC2DA6E2F33CC2F00CE8BD3 /* PBXTargetDependency */,
			);
			fileSystemSynchronizedGroups = (
				1EC2DA6F2F33CC2F00CE8BD3 /* NumworksApplicationTests */,
			);
			name = NumworksApplicationTests;
			packageProductDependencies = (
			);
			productName = NumworksApplicationTests;
			productReference = 1EC2DA6C2F33CC2F00CE8BD3 /* NumworksApplicationTests.xctest */;
			productType = "com.apple.product-type.bundle.unit-test";
		};
		1EC2DA752F33CC2F00CE8BD3 /* NumworksApplicationUITests */ = {
			isa = PBXNativeTarget;
			buildConfigurationList = 1EC2DA862F33CC2F00CE8BD3 /* Build configuration list for PBXNativeTarget "NumworksApplicationUITests" */;
			buildPhases = (
				1EC2DA722F33CC2F00CE8BD3 /* Sources */,
				1EC2DA732F33CC2F00CE8BD3 /* Frameworks */,
				1EC2DA742F33CC2F00CE8BD3 /* Resources */,
			);
			buildRules = (
			);
			dependencies = (
				1EC2DA782F33CC2F00CE8BD3 /* PBXTargetDependency */,
			);
			fileSystemSynchronizedGroups = (
				1EC2DA792F33CC2F00CE8BD3 /* NumworksApplicationUITests */,
				1EC2DB132F33CD6E00CE8BD3 /* NumWorksMac */,
			);
			name = NumworksApplicationUITests;
			packageProductDependencies = (
			);
			productName = NumworksApplicationUITests;
			productReference = 1EC2DA762F33CC2F00CE8BD3 /* NumworksApplicationUITests.xctest */;
			productType = "com.apple.product-type.bundle.ui-testing";
		};
/* End PBXNativeTarget section */

/* Begin PBXProject section */
		1EC2DA562F33CC2D00CE8BD3 /* Project object */ = {
			isa = PBXProject;
			attributes = {
				BuildIndependentTargetsInParallel = 1;
				LastSwiftUpdateCheck = 1640;
				LastUpgradeCheck = 1640;
				TargetAttributes = {
					1EC2DA5D2F33CC2D00CE8BD3 = {
						CreatedOnToolsVersion = 16.4;
					};
					1EC2DA6B2F33CC2F00CE8BD3 = {
						CreatedOnToolsVersion = 16.4;
						TestTargetID = 1EC2DA5D2F33CC2D00CE8BD3;
					};
					1EC2DA752F33CC2F00CE8BD3 = {
						CreatedOnToolsVersion = 16.4;
						TestTargetID = 1EC2DA5D2F33CC2D00CE8BD3;
					};
				};
			};
			buildConfigurationList = 1EC2DA592F33CC2D00CE8BD3 /* Build configuration list for PBXProject "NumworksApplication" */;
			developmentRegion = en;
			hasScannedForEncodings = 0;
			knownRegions = (
				en,
				Base,
			);
			mainGroup = 1EC2DA552F33CC2D00CE8BD3;
			minimizedProjectReferenceProxies = 1;
			packageReferences = (
				1E426DAA2F369BD3003F7FAB /* XCRemoteSwiftPackageReference "KeyboardShortcuts" */,
				1E426DAD2F369BEF003F7FAB /* XCRemoteSwiftPackageReference "LaunchAtLogin" */,
			);
			preferredProjectObjectVersion = 77;
			productRefGroup = 1EC2DA5F2F33CC2D00CE8BD3 /* Products */;
			projectDirPath = "";
			projectRoot = "";
			targets = (
				1EC2DA5D2F33CC2D00CE8BD3 /* NumworksApplication */,
				1EC2DA6B2F33CC2F00CE8BD3 /* NumworksApplicationTests */,
				1EC2DA752F33CC2F00CE8BD3 /* NumworksApplicationUITests */,
			);
		};
/* End PBXProject section */

/* Begin PBXResourcesBuildPhase section */
		1EC2DA5C2F33CC2D00CE8BD3 /* Resources */ = {
			isa = PBXResourcesBuildPhase;
			buildActionMask = 2147483647;
			files = (
			);
			runOnlyForDeploymentPostprocessing = 0;
		};
		1EC2DA6A2F33CC2F00CE8BD3 /* Resources */ = {
			isa = PBXResourcesBuildPhase;
			buildActionMask = 2147483647;
			files = (
			);
			runOnlyForDeploymentPostprocessing = 0;
		};
		1EC2DA742F33CC2F00CE8BD3 /* Resources */ = {
			isa = PBXResourcesBuildPhase;
			buildActionMask = 2147483647;
			files = (
			);
			runOnlyForDeploymentPostprocessing = 0;
		};
/* End PBXResourcesBuildPhase section */

/* Begin PBXSourcesBuildPhase section */
		1EC2DA5A2F33CC2D00CE8BD3 /* Sources */ = {
			isa = PBXSourcesBuildPhase;
			buildActionMask = 2147483647;
			files = (
			);
			runOnlyForDeploymentPostprocessing = 0;
		};
		1EC2DA682F33CC2F00CE8BD3 /* Sources */ = {
			isa = PBXSourcesBuildPhase;
			buildActionMask = 2147483647;
			files = (
			);
			runOnlyForDeploymentPostprocessing = 0;
		};
		1EC2DA722F33CC2F00CE8BD3 /* Sources */ = {
			isa = PBXSourcesBuildPhase;
			buildActionMask = 2147483647;
			files = (
			);
			runOnlyForDeploymentPostprocessing = 0;
		};
/* End PBXSourcesBuildPhase section */

/* Begin PBXTargetDependency section */
		1EC2DA6E2F33CC2F00CE8BD3 /* PBXTargetDependency */ = {
			isa = PBXTargetDependency;
			target = 1EC2DA5D2F33CC2D00CE8BD3 /* NumworksApplication */;
			targetProxy = 1EC2DA6D2F33CC2F00CE8BD3 /* PBXContainerItemProxy */;
		};
		1EC2DA782F33CC2F00CE8BD3 /* PBXTargetDependency */ = {
			isa = PBXTargetDependency;
			target = 1EC2DA5D2F33CC2D00CE8BD3 /* NumworksApplication */;
			targetProxy = 1EC2DA772F33CC2F00CE8BD3 /* PBXContainerItemProxy */;
		};
/* End PBXTargetDependency section */

/* Begin XCBuildConfiguration section */
		1EC2DA7E2F33CC2F00CE8BD3 /* Debug */ = {
			isa = XCBuildConfiguration;
			buildSettings = {
				ALWAYS_SEARCH_USER_PATHS = NO;
				ASSETCATALOG_COMPILER_GENERATE_SWIFT_ASSET_SYMBOL_EXTENSIONS = YES;
				CLANG_ANALYZER_NONNULL = YES;
				CLANG_ANALYZER_NUMBER_OBJECT_CONVERSION = YES_AGGRESSIVE;
				CLANG_CXX_LANGUAGE_STANDARD = "gnu++20";
				CLANG_ENABLE_MODULES = YES;
				CLANG_ENABLE_OBJC_ARC = YES;
				CLANG_ENABLE_OBJC_WEAK = YES;
				CLANG_WARN_BLOCK_CAPTURE_AUTORELEASING = YES;
				CLANG_WARN_BOOL_CONVERSION = YES;
				CLANG_WARN_COMMA = YES;
				CLANG_WARN_CONSTANT_CONVERSION = YES;
				CLANG_WARN_DEPRECATED_OBJC_IMPLEMENTATIONS = YES;
				CLANG_WARN_DIRECT_OBJC_ISA_USAGE = YES_ERROR;
				CLANG_WARN_DOCUMENTATION_COMMENTS = YES;
				CLANG_WARN_EMPTY_BODY = YES;
				CLANG_WARN_ENUM_CONVERSION = YES;
				CLANG_WARN_INFINITE_RECURSION = YES;
				CLANG_WARN_INT_CONVERSION = YES;
				CLANG_WARN_NON_LITERAL_NULL_CONVERSION = YES;
				CLANG_WARN_OBJC_IMPLICIT_RETAIN_SELF = YES;
				CLANG_WARN_OBJC_LITERAL_CONVERSION = YES;
				CLANG_WARN_OBJC_ROOT_CLASS = YES_ERROR;
				CLANG_WARN_QUOTED_INCLUDE_IN_FRAMEWORK_HEADER = YES;
				CLANG_WARN_RANGE_LOOP_ANALYSIS = YES;
				CLANG_WARN_STRICT_PROTOTYPES = YES;
				CLANG_WARN_SUSPICIOUS_MOVE = YES;
				CLANG_WARN_UNGUARDED_AVAILABILITY = YES_AGGRESSIVE;
				CLANG_WARN_UNREACHABLE_CODE = YES;
				CLANG_WARN__DUPLICATE_METHOD_MATCH = YES;
				CODE_SIGN_ENTITLEMENTS = "";
				COPY_PHASE_STRIP = NO;
				DEBUG_INFORMATION_FORMAT = dwarf;
				DEVELOPMENT_TEAM = 6C2PG6C5FF;
				ENABLE_STRICT_OBJC_MSGSEND = YES;
				ENABLE_TESTABILITY = YES;
				ENABLE_USER_SCRIPT_SANDBOXING = YES;
				GCC_C_LANGUAGE_STANDARD = gnu17;
				GCC_DYNAMIC_NO_PIC = NO;
				GCC_NO_COMMON_BLOCKS = YES;
				GCC_OPTIMIZATION_LEVEL = 0;
				GCC_PREPROCESSOR_DEFINITIONS = (
					"DEBUG=1",
					"$(inherited)",
				);
				GCC_WARN_64_TO_32_BIT_CONVERSION = YES;
				GCC_WARN_ABOUT_RETURN_TYPE = YES_ERROR;
				GCC_WARN_UNDECLARED_SELECTOR = YES;
				GCC_WARN_UNINITIALIZED_AUTOS = YES_AGGRESSIVE;
				GCC_WARN_UNUSED_FUNCTION = YES;
				GCC_WARN_UNUSED_VARIABLE = YES;
				LOCALIZATION_PREFERS_STRING_CATALOGS = YES;
				MACOSX_DEPLOYMENT_TARGET = 15.5;
				MTL_ENABLE_DEBUG_INFO = INCLUDE_SOURCE;
				MTL_FAST_MATH = YES;
				ONLY_ACTIVE_ARCH = YES;
				SDKROOT = macosx;
				SWIFT_ACTIVE_COMPILATION_CONDITIONS = "DEBUG $(inherited)";
				SWIFT_OPTIMIZATION_LEVEL = "-Onone";
			};
			name = Debug;
		};
		1EC2DA7F2F33CC2F00CE8BD3 /* Release */ = {
			isa = XCBuildConfiguration;
			buildSettings = {
				ALWAYS_SEARCH_USER_PATHS = NO;
				ASSETCATALOG_COMPILER_GENERATE_SWIFT_ASSET_SYMBOL_EXTENSIONS = YES;
				CLANG_ANALYZER_NONNULL = YES;
				CLANG_ANALYZER_NUMBER_OBJECT_CONVERSION = YES_AGGRESSIVE;
				CLANG_CXX_LANGUAGE_STANDARD = "gnu++20";
				CLANG_ENABLE_MODULES = YES;
				CLANG_ENABLE_OBJC_ARC = YES;
				CLANG_ENABLE_OBJC_WEAK = YES;
				CLANG_WARN_BLOCK_CAPTURE_AUTORELEASING = YES;
				CLANG_WARN_BOOL_CONVERSION = YES;
				CLANG_WARN_COMMA = YES;
				CLANG_WARN_CONSTANT_CONVERSION = YES;
				CLANG_WARN_DEPRECATED_OBJC_IMPLEMENTATIONS = YES;
				CLANG_WARN_DIRECT_OBJC_ISA_USAGE = YES_ERROR;
				CLANG_WARN_DOCUMENTATION_COMMENTS = YES;
				CLANG_WARN_EMPTY_BODY = YES;
				CLANG_WARN_ENUM_CONVERSION = YES;
				CLANG_WARN_INFINITE_RECURSION = YES;
				CLANG_WARN_INT_CONVERSION = YES;
				CLANG_WARN_NON_LITERAL_NULL_CONVERSION = YES;
				CLANG_WARN_OBJC_IMPLICIT_RETAIN_SELF = YES;
				CLANG_WARN_OBJC_LITERAL_CONVERSION = YES;
				CLANG_WARN_OBJC_ROOT_CLASS = YES_ERROR;
				CLANG_WARN_QUOTED_INCLUDE_IN_FRAMEWORK_HEADER = YES;
				CLANG_WARN_RANGE_LOOP_ANALYSIS = YES;
				CLANG_WARN_STRICT_PROTOTYPES = YES;
				CLANG_WARN_SUSPICIOUS_MOVE = YES;
				CLANG_WARN_UNGUARDED_AVAILABILITY = YES_AGGRESSIVE;
				CLANG_WARN_UNREACHABLE_CODE = YES;
				CLANG_WARN__DUPLICATE_METHOD_MATCH = YES;
				CODE_SIGN_ENTITLEMENTS = "";
				COPY_PHASE_STRIP = NO;
				DEBUG_INFORMATION_FORMAT = "dwarf-with-dsym";
				DEVELOPMENT_TEAM = 6C2PG6C5FF;
				ENABLE_NS_ASSERTIONS = NO;
				ENABLE_STRICT_OBJC_MSGSEND = YES;
				ENABLE_USER_SCRIPT_SANDBOXING = YES;
				GCC_C_LANGUAGE_STANDARD = gnu17;
				GCC_NO_COMMON_BLOCKS = YES;
				GCC_WARN_64_TO_32_BIT_CONVERSION = YES;
				GCC_WARN_ABOUT_RETURN_TYPE = YES_ERROR;
				GCC_WARN_UNDECLARED_SELECTOR = YES;
				GCC_WARN_UNINITIALIZED_AUTOS = YES_AGGRESSIVE;
				GCC_WARN_UNUSED_FUNCTION = YES;
				GCC_WARN_UNUSED_VARIABLE = YES;
				LOCALIZATION_PREFERS_STRING_CATALOGS = YES;
				MACOSX_DEPLOYMENT_TARGET = 15.5;
				MTL_ENABLE_DEBUG_INFO = NO;
				MTL_FAST_MATH = YES;
				SDKROOT = macosx;
				SWIFT_COMPILATION_MODE = wholemodule;
			};
			name = Release;
		};
		1EC2DA812F33CC2F00CE8BD3 /* Debug */ = {
			isa = XCBuildConfiguration;
			buildSettings = {
				ASSETCATALOG_COMPILER_APPICON_NAME = AppIcon;
				ASSETCATALOG_COMPILER_GLOBAL_ACCENT_COLOR_NAME = AccentColor;
				CODE_SIGN_ENTITLEMENTS = "";
				"CODE_SIGN_IDENTITY[sdk=macosx*]" = "Apple Development";
				CODE_SIGN_STYLE = Automatic;
				COMBINE_HIDPI_IMAGES = YES;
				CURRENT_PROJECT_VERSION = 1;
				DEVELOPMENT_TEAM = 6C2PG6C5FF;
				ENABLE_HARDENED_RUNTIME = YES;
				ENABLE_PREVIEWS = YES;
				GENERATE_INFOPLIST_FILE = YES;
				INFOPLIST_FILE = "NumworksApplication-Info.plist";
				INFOPLIST_KEY_NSHumanReadableCopyright = "";
				LD_RUNPATH_SEARCH_PATHS = (
					"$(inherited)",
					"@executable_path/../Frameworks",
				);
				MARKETING_VERSION = 1.0;
				PRODUCT_BUNDLE_IDENTIFIER = com.ellandeved.NumworksApplication;
				PRODUCT_NAME = "$(TARGET_NAME)";
				REGISTER_APP_GROUPS = YES;
				SWIFT_EMIT_LOC_STRINGS = YES;
				SWIFT_VERSION = 5.0;
			};
			name = Debug;
		};
		1EC2DA822F33CC2F00CE8BD3 /* Release */ = {
			isa = XCBuildConfiguration;
			buildSettings = {
				ASSETCATALOG_COMPILER_APPICON_NAME = AppIcon;
				ASSETCATALOG_COMPILER_GLOBAL_ACCENT_COLOR_NAME = AccentColor;
				CODE_SIGN_ENTITLEMENTS = "";
				"CODE_SIGN_IDENTITY[sdk=macosx*]" = "Apple Development";
				CODE_SIGN_STYLE = Automatic;
				COMBINE_HIDPI_IMAGES = YES;
				CURRENT_PROJECT_VERSION = 1;
				DEVELOPMENT_TEAM = 6C2PG6C5FF;
				ENABLE_HARDENED_RUNTIME = YES;
				ENABLE_PREVIEWS = YES;
				GENERATE_INFOPLIST_FILE = YES;
				INFOPLIST_FILE = "NumworksApplication-Info.plist";
				INFOPLIST_KEY_NSHumanReadableCopyright = "";
				LD_RUNPATH_SEARCH_PATHS = (
					"$(inherited)",
					"@executable_path/../Frameworks",
				);
				MARKETING_VERSION = 1.0;
				PRODUCT_BUNDLE_IDENTIFIER = com.ellandeved.NumworksApplication;
				PRODUCT_NAME = "$(TARGET_NAME)";
				REGISTER_APP_GROUPS = YES;
				SWIFT_EMIT_LOC_STRINGS = YES;
				SWIFT_VERSION = 5.0;
			};
			name = Release;
		};
		1EC2DA842F33CC2F00CE8BD3 /* Debug */ = {
			isa = XCBuildConfiguration;
			buildSettings = {
				BUNDLE_LOADER = "$(TEST_HOST)";
				CODE_SIGN_STYLE = Automatic;
				CURRENT_PROJECT_VERSION = 1;
				DEVELOPMENT_TEAM = 6C2PG6C5FF;
				GENERATE_INFOPLIST_FILE = YES;
				MACOSX_DEPLOYMENT_TARGET = 15.5;
				MARKETING_VERSION = 1.0;
				PRODUCT_BUNDLE_IDENTIFIER = com.ellandeved.NumworksApplicationTests;
				PRODUCT_NAME = "$(TARGET_NAME)";
				SWIFT_EMIT_LOC_STRINGS = NO;
				SWIFT_VERSION = 5.0;
				TEST_HOST = "$(BUILT_PRODUCTS_DIR)/NumworksApplication.app/$(BUNDLE_EXECUTABLE_FOLDER_PATH)/NumworksApplication";
			};
			name = Debug;
		};
		1EC2DA852F33CC2F00CE8BD3 /* Release */ = {
			isa = XCBuildConfiguration;
			buildSettings = {
				BUNDLE_LOADER = "$(TEST_HOST)";
				CODE_SIGN_STYLE = Automatic;
				CURRENT_PROJECT_VERSION = 1;
				DEVELOPMENT_TEAM = 6C2PG6C5FF;
				GENERATE_INFOPLIST_FILE = YES;
				MACOSX_DEPLOYMENT_TARGET = 15.5;
				MARKETING_VERSION = 1.0;
				PRODUCT_BUNDLE_IDENTIFIER = com.ellandeved.NumworksApplicationTests;
				PRODUCT_NAME = "$(TARGET_NAME)";
				SWIFT_EMIT_LOC_STRINGS = NO;
				SWIFT_VERSION = 5.0;
				TEST_HOST = "$(BUILT_PRODUCTS_DIR)/NumworksApplication.app/$(BUNDLE_EXECUTABLE_FOLDER_PATH)/NumworksApplication";
			};
			name = Release;
		};
		1EC2DA872F33CC2F00CE8BD3 /* Debug */ = {
			isa = XCBuildConfiguration;
			buildSettings = {
				CODE_SIGN_STYLE = Automatic;
				CURRENT_PROJECT_VERSION = 1;
				DEVELOPMENT_TEAM = 6C2PG6C5FF;
				GENERATE_INFOPLIST_FILE = YES;
				MARKETING_VERSION = 1.0;
				PRODUCT_BUNDLE_IDENTIFIER = com.ellandeved.NumworksApplicationUITests;
				PRODUCT_NAME = "$(TARGET_NAME)";
				SWIFT_EMIT_LOC_STRINGS = NO;
				SWIFT_VERSION = 5.0;
				TEST_TARGET_NAME = NumworksApplication;
			};
			name = Debug;
		};
		1EC2DA882F33CC2F00CE8BD3 /* Release */ = {
			isa = XCBuildConfiguration;
			buildSettings = {
				CODE_SIGN_STYLE = Automatic;
				CURRENT_PROJECT_VERSION = 1;
				DEVELOPMENT_TEAM = 6C2PG6C5FF;
				GENERATE_INFOPLIST_FILE = YES;
				MARKETING_VERSION = 1.0;
				PRODUCT_BUNDLE_IDENTIFIER = com.ellandeved.NumworksApplicationUITests;
				PRODUCT_NAME = "$(TARGET_NAME)";
				SWIFT_EMIT_LOC_STRINGS = NO;
				SWIFT_VERSION = 5.0;
				TEST_TARGET_NAME = NumworksApplication;
			};
			name = Release;
		};
/* End XCBuildConfiguration section */

/* Begin XCConfigurationList section */
		1EC2DA592F33CC2D00CE8BD3 /* Build configuration list for PBXProject "NumworksApplication" */ = {
			isa = XCConfigurationList;
			buildConfigurations = (
				1EC2DA7E2F33CC2F00CE8BD3 /* Debug */,
				1EC2DA7F2F33CC2F00CE8BD3 /* Release */,
			);
			defaultConfigurationIsVisible = 0;
			defaultConfigurationName = Release;
		};
		1EC2DA802F33CC2F00CE8BD3 /* Build configuration list for PBXNativeTarget "NumworksApplication" */ = {
			isa = XCConfigurationList;
			buildConfigurations = (
				1EC2DA812F33CC2F00CE8BD3 /* Debug */,
				1EC2DA822F33CC2F00CE8BD3 /* Release */,
			);
			defaultConfigurationIsVisible = 0;
			defaultConfigurationName = Release;
		};
		1EC2DA832F33CC2F00CE8BD3 /* Build configuration list for PBXNativeTarget "NumworksApplicationTests" */ = {
			isa = XCConfigurationList;
			buildConfigurations = (
				1EC2DA842F33CC2F00CE8BD3 /* Debug */,
				1EC2DA852F33CC2F00CE8BD3 /* Release */,
			);
			defaultConfigurationIsVisible = 0;
			defaultConfigurationName = Release;
		};
		1EC2DA862F33CC2F00CE8BD3 /* Build configuration list for PBXNativeTarget "NumworksApplicationUITests" */ = {
			isa = XCConfigurationList;
			buildConfigurations = (
				1EC2DA872F33CC2F00CE8BD3 /* Debug */,
				1EC2DA882F33CC2F00CE8BD3 /* Release */,
			);
			defaultConfigurationIsVisible = 0;
			defaultConfigurationName = Release;
		};
/* End XCConfigurationList section */

/* Begin XCRemoteSwiftPackageReference section */
		1E426DAA2F369BD3003F7FAB /* XCRemoteSwiftPackageReference "KeyboardShortcuts" */ = {
			isa = XCRemoteSwiftPackageReference;
			repositoryURL = "https://github.com/sindresorhus/KeyboardShortcuts";
			requirement = {
				kind = upToNextMajorVersion;
				minimumVersion = 2.4.0;
			};
		};
		1E426DAD2F369BEF003F7FAB /* XCRemoteSwiftPackageReference "LaunchAtLogin" */ = {
			isa = XCRemoteSwiftPackageReference;
			repositoryURL = "https://github.com/sindresorhus/LaunchAtLogin";
			requirement = {
				branch = main;
				kind = branch;
			};
		};
/* End XCRemoteSwiftPackageReference section */

/* Begin XCSwiftPackageProductDependency section */
		1E426DAB2F369BD3003F7FAB /* KeyboardShortcuts */ = {
			isa = XCSwiftPackageProductDependency;
			package = 1E426DAA2F369BD3003F7FAB /* XCRemoteSwiftPackageReference "KeyboardShortcuts" */;
			productName = KeyboardShortcuts;
		};
		1E426DAE2F369BEF003F7FAB /* LaunchAtLogin */ = {
			isa = XCSwiftPackageProductDependency;
			package = 1E426DAD2F369BEF003F7FAB /* XCRemoteSwiftPackageReference "LaunchAtLogin" */;
			productName = LaunchAtLogin;
		};
/* End XCSwiftPackageProductDependency section */
	};
	rootObject = 1EC2DA562F33CC2D00CE8BD3 /* Project object */;
}
